
Microsoft Visual Studio Solution File, Format Version 12.00
# Visual Studio 2013
VisualStudioVersion = 12.0.21005.1
MinimumVisualStudioVersion = 10.0.40219.1
Project("{FAE04EC0-301F-11D3-BF4B-00C04F79EFBC}") = "InstituteAdminSide", "InstituteAdminSide\InstituteAdminSide.csproj", "{864F9AB3-6BDF-4519-9C17-2D51379AFC70}"
EndProject
Global
	GlobalSection(SolutionConfigurationPlatforms) = preSolution
		Debug|Any CPU = Debug|Any CPU
		Release|Any CPU = Release|Any CPU
	EndGlobalSection
	GlobalSection(ProjectConfigurationPlatforms) = postSolution
		{864F9AB3-6BDF-4519-9C17-2D51379AFC70}.Debug|Any CPU.ActiveCfg = Debug|Any CPU
		{864F9AB3-6BDF-4519-9C17-2D51379AFC70}.Debug|Any CPU.Build.0 = Debug|Any CPU
		{864F9AB3-6BDF-4519-9C17-2D51379AFC70}.Release|Any CPU.ActiveCfg = Release|Any CPU
		{864F9AB3-6BDF-4519-9C17-2D51379AFC70}.Release|Any CPU.Build.0 = Release|Any CPU
	EndGlobalSection
	GlobalSection(SolutionProperties) = preSolution
		HideSolutionNode = FALSE
	EndGlobalSection
EndGlobal
